
Microsoft Visual Studio Solution File, Format Version 12.00
# Visual Studio Version 17
VisualStudioVersion = 17.3.32804.467
MinimumVisualStudioVersion = 10.0.40219.1
Project("{2150E333-8FDC-42A3-9474-1A3956D46DE8}") = "POO", "POO", "{6593B945-A06C-4507-A167-F5D6983AE308}"
EndProject
Project("{2150E333-8FDC-42A3-9474-1A3956D46DE8}") = "Interface", "Interface", "{608E063F-2C43-4307-BB73-8125BE453C23}"
EndProject
Project("{9A19103F-16F7-4668-BE54-9A1E7A4F7556}") = "SemInterface", "POO\SemInterface\SemInterface.csproj", "{D3D13005-0593-4579-9FF4-D74A63593CD1}"
EndProject
Project("{9A19103F-16F7-4668-BE54-9A1E7A4F7556}") = "UsandoInterface", "POO\UsandoInterface\UsandoInterface.csproj", "{FD1E45C5-68C6-4693-B94F-5230ED96A114}"
EndProject
Project("{2150E333-8FDC-42A3-9474-1A3956D46DE8}") = "Encapsulamento", "Encapsulamento", "{24E57395-B811-4D31-A462-DF145D7D2298}"
EndProject
Project("{9A19103F-16F7-4668-BE54-9A1E7A4F7556}") = "Encapsulamento", "POO\Encapsulamento\Encapsulamento.csproj", "{F832F195-B8D2-4230-81B3-0FF85C1C24BD}"
EndProject
Project("{2150E333-8FDC-42A3-9474-1A3956D46DE8}") = "Polimorfismo", "Polimorfismo", "{BFCDB1C5-BD15-4AAE-BB2C-07458EF897FE}"
EndProject
Project("{9A19103F-16F7-4668-BE54-9A1E7A4F7556}") = "Polimorfismo", "POO\Polimorfismo\Polimorfismo.csproj", "{5B707226-0E6A-4F30-9F16-94893436AF6D}"
EndProject
Project("{2150E333-8FDC-42A3-9474-1A3956D46DE8}") = "Patterns", "Patterns", "{01606887-CED2-40C6-9740-588822851C81}"
EndProject
Project("{2150E333-8FDC-42A3-9474-1A3956D46DE8}") = "SimpleFactory", "SimpleFactory", "{BF244CC6-54D7-4558-8E48-223B564508A6}"
EndProject
Project("{9A19103F-16F7-4668-BE54-9A1E7A4F7556}") = "SimpleFactory", "Patterns\SimpleFactory\SimpleFactory.csproj", "{B23687A4-8940-4826-8A94-1C16900053D1}"
EndProject
Project("{2150E333-8FDC-42A3-9474-1A3956D46DE8}") = "FactoryMethod", "FactoryMethod", "{43A63F4A-B619-4A9D-8E5F-35092FE6AB12}"
EndProject
Project("{9A19103F-16F7-4668-BE54-9A1E7A4F7556}") = "FactoryMethod", "Patterns\FactoryMethod\FactoryMethod.csproj", "{A599EAAB-89D6-4855-8E14-11E71471FDC9}"
EndProject
Project("{2150E333-8FDC-42A3-9474-1A3956D46DE8}") = "FactoryMethod2", "FactoryMethod2", "{19E3D0FC-571C-4507-95F3-E6A34F51786F}"
EndProject
Project("{9A19103F-16F7-4668-BE54-9A1E7A4F7556}") = "FactoryMethod2", "Patterns\FactoryMethod2\FactoryMethod2.csproj", "{AD8647D3-625C-4A92-B452-BB4946ECB5A4}"
EndProject
Project("{2150E333-8FDC-42A3-9474-1A3956D46DE8}") = "AbstractFactory", "AbstractFactory", "{5D562F60-E5F9-4927-91FC-5FA1F0080DE3}"
EndProject
Project("{9A19103F-16F7-4668-BE54-9A1E7A4F7556}") = "AbstractFactory", "Patterns\AbstractFactory\AbstractFactory.csproj", "{DE8F7EDA-ACA4-4089-81ED-3152235A43A6}"
EndProject
Project("{2150E333-8FDC-42A3-9474-1A3956D46DE8}") = "AbstractFactory2", "AbstractFactory2", "{7BAC80CA-958A-44CC-A9ED-F6892D38E3DF}"
EndProject
Project("{9A19103F-16F7-4668-BE54-9A1E7A4F7556}") = "AbstractFactory2", "Patterns\AbstractFactory2\AbstractFactory2.csproj", "{4963D9A0-E634-4619-A554-E2CBAA12AC41}"
EndProject
Project("{2150E333-8FDC-42A3-9474-1A3956D46DE8}") = "Builder", "Builder", "{F8296B1A-957C-4CD3-9E79-A4C70A12BAA3}"
EndProject
Project("{9A19103F-16F7-4668-BE54-9A1E7A4F7556}") = "Builder", "Patterns\Builder\Builder.csproj", "{D50D47D1-9FC7-45E8-A731-E408569AA53F}"
EndProject
Project("{2150E333-8FDC-42A3-9474-1A3956D46DE8}") = "BuilderFluent", "BuilderFluent", "{27CFB51F-4A40-4AC4-B89D-C9C4F10D7D60}"
EndProject
Project("{9A19103F-16F7-4668-BE54-9A1E7A4F7556}") = "BuilderFluent", "Patterns\BuilderFluent\BuilderFluent.csproj", "{13309BE6-677D-4CBF-9F86-E3EBE379CE41}"
EndProject
Project("{2150E333-8FDC-42A3-9474-1A3956D46DE8}") = "Factories", "Factories", "{7A00BF1D-D6F4-45DD-88B8-4D520329A655}"
EndProject
Project("{2150E333-8FDC-42A3-9474-1A3956D46DE8}") = "SimpleFactory", "SimpleFactory", "{3BAED020-0F46-4042-BAC5-F041B1C27922}"
EndProject
Project("{9A19103F-16F7-4668-BE54-9A1E7A4F7556}") = "SimpleFactory", "Patterns\Factories\SimpleFactory\SimpleFactory.csproj", "{F3FBCC69-91D1-4A13-BC20-4944F350C167}"
EndProject
Project("{2150E333-8FDC-42A3-9474-1A3956D46DE8}") = "FactoryMethod", "FactoryMethod", "{279D3880-55E2-4D89-83E4-C3572652BF94}"
EndProject
Project("{9A19103F-16F7-4668-BE54-9A1E7A4F7556}") = "FactoryMethod", "Patterns\Factories\FactoryMethod\FactoryMethod.csproj", "{48288162-B353-4C06-9217-8CD4EC20889B}"
EndProject
Project("{2150E333-8FDC-42A3-9474-1A3956D46DE8}") = "AbstractFactory", "AbstractFactory", "{B607A421-C923-4B2A-B6C7-4980323F4B7C}"
EndProject
Project("{9A19103F-16F7-4668-BE54-9A1E7A4F7556}") = "AbstractFactory", "Patterns\Factories\AbstractFactory\AbstractFactory.csproj", "{3A19B5CE-2046-40DE-8793-FD780BBAE1A8}"
EndProject
Project("{2150E333-8FDC-42A3-9474-1A3956D46DE8}") = "Prototype", "Prototype", "{C6B0E7EB-409C-414E-AEEE-F230854F0C7A}"
EndProject
Project("{9A19103F-16F7-4668-BE54-9A1E7A4F7556}") = "Prototype", "Patterns\Prototype\Prototype.csproj", "{08484C61-83F1-4696-992C-DEB4601D95EF}"
EndProject
Project("{9A19103F-16F7-4668-BE54-9A1E7A4F7556}") = "Prototype2", "Patterns\Prototype2\Prototype2.csproj", "{2EA40A52-7DED-48AD-B72D-55D0C2ADB492}"
EndProject
Project("{2150E333-8FDC-42A3-9474-1A3956D46DE8}") = "SingleTon", "SingleTon", "{F0C22DE1-A960-4609-B5E5-3D03DEA25F46}"
EndProject
Project("{9A19103F-16F7-4668-BE54-9A1E7A4F7556}") = "Singleton_SingleThread", "Patterns\Singleton\Singleton_SingleThread\Singleton_SingleThread.csproj", "{B13B7334-3757-486B-91C6-6A493B8417BB}"
EndProject
Project("{9A19103F-16F7-4668-BE54-9A1E7A4F7556}") = "Singleton_ThreadSafety", "Patterns\Singleton\Singleton_ThreadSafety\Singleton_ThreadSafety.csproj", "{E0439962-2064-4CCB-8533-DF4AFFE1EF1D}"
EndProject
Project("{9A19103F-16F7-4668-BE54-9A1E7A4F7556}") = "Singleton_Static", "Patterns\Singleton\Singleton_Static\Singleton_Static.csproj", "{8F53F45E-1FDA-42DA-A40C-FD23A98E6E87}"
EndProject
Project("{9A19103F-16F7-4668-BE54-9A1E7A4F7556}") = "Singleton_Leazy", "Patterns\Singleton\Singleton_Leazy\Singleton_Leazy.csproj", "{70B8D9F9-A708-41C5-A5EC-1591F1ACB88E}"
EndProject
Project("{9A19103F-16F7-4668-BE54-9A1E7A4F7556}") = "SingletonExemplo", "Patterns\Singleton\SingletonExemplo\SingletonExemplo.csproj", "{A7242761-BB7B-46B9-AC17-B7FF5ACEB40F}"
EndProject
Project("{2150E333-8FDC-42A3-9474-1A3956D46DE8}") = "Exercicios", "Exercicios", "{48709C57-D977-441E-AF24-057A5F65E775}"
EndProject
Project("{9A19103F-16F7-4668-BE54-9A1E7A4F7556}") = "Exercicio_01", "Exercicios\Exercicio_01\Exercicio_01.csproj", "{FD04212B-6360-4E7D-9EBE-1A4BEA940B8D}"
EndProject
Project("{FAE04EC0-301F-11D3-BF4B-00C04F79EFBC}") = "Exercicio_02", "Exercicios\Exercicio_02\Exercicio_02.csproj", "{76CA09E2-583B-4529-AF4D-04F9CCBA5446}"
EndProject
Project("{9A19103F-16F7-4668-BE54-9A1E7A4F7556}") = "Exercicio3", "Exercicios\Exercicio_03\Exercicio3.csproj", "{62C99626-0E48-4D65-BD47-5A4511C8531B}"
EndProject
Project("{2150E333-8FDC-42A3-9474-1A3956D46DE8}") = "Strategy", "Strategy", "{5FF03A1C-F784-4369-8767-BA18FAC0A78E}"
EndProject
Project("{FAE04EC0-301F-11D3-BF4B-00C04F79EFBC}") = "Strategy", "Patterns\Strategy\Strategy.csproj", "{5060BAB4-0AFC-4556-BACD-D55A39CF34EC}"
EndProject
Global
	GlobalSection(SolutionConfigurationPlatforms) = preSolution
		Debug|Any CPU = Debug|Any CPU
		Release|Any CPU = Release|Any CPU
	EndGlobalSection
	GlobalSection(ProjectConfigurationPlatforms) = postSolution
		{D3D13005-0593-4579-9FF4-D74A63593CD1}.Debug|Any CPU.ActiveCfg = Debug|Any CPU
		{D3D13005-0593-4579-9FF4-D74A63593CD1}.Debug|Any CPU.Build.0 = Debug|Any CPU
		{D3D13005-0593-4579-9FF4-D74A63593CD1}.Release|Any CPU.ActiveCfg = Release|Any CPU
		{D3D13005-0593-4579-9FF4-D74A63593CD1}.Release|Any CPU.Build.0 = Release|Any CPU
		{FD1E45C5-68C6-4693-B94F-5230ED96A114}.Debug|Any CPU.ActiveCfg = Debug|Any CPU
		{FD1E45C5-68C6-4693-B94F-5230ED96A114}.Debug|Any CPU.Build.0 = Debug|Any CPU
		{FD1E45C5-68C6-4693-B94F-5230ED96A114}.Release|Any CPU.ActiveCfg = Release|Any CPU
		{FD1E45C5-68C6-4693-B94F-5230ED96A114}.Release|Any CPU.Build.0 = Release|Any CPU
		{F832F195-B8D2-4230-81B3-0FF85C1C24BD}.Debug|Any CPU.ActiveCfg = Debug|Any CPU
		{F832F195-B8D2-4230-81B3-0FF85C1C24BD}.Debug|Any CPU.Build.0 = Debug|Any CPU
		{F832F195-B8D2-4230-81B3-0FF85C1C24BD}.Release|Any CPU.ActiveCfg = Release|Any CPU
		{F832F195-B8D2-4230-81B3-0FF85C1C24BD}.Release|Any CPU.Build.0 = Release|Any CPU
		{5B707226-0E6A-4F30-9F16-94893436AF6D}.Debug|Any CPU.ActiveCfg = Debug|Any CPU
		{5B707226-0E6A-4F30-9F16-94893436AF6D}.Debug|Any CPU.Build.0 = Debug|Any CPU
		{5B707226-0E6A-4F30-9F16-94893436AF6D}.Release|Any CPU.ActiveCfg = Release|Any CPU
		{5B707226-0E6A-4F30-9F16-94893436AF6D}.Release|Any CPU.Build.0 = Release|Any CPU
		{B23687A4-8940-4826-8A94-1C16900053D1}.Debug|Any CPU.ActiveCfg = Debug|Any CPU
		{B23687A4-8940-4826-8A94-1C16900053D1}.Debug|Any CPU.Build.0 = Debug|Any CPU
		{B23687A4-8940-4826-8A94-1C16900053D1}.Release|Any CPU.ActiveCfg = Release|Any CPU
		{B23687A4-8940-4826-8A94-1C16900053D1}.Release|Any CPU.Build.0 = Release|Any CPU
		{A599EAAB-89D6-4855-8E14-11E71471FDC9}.Debug|Any CPU.ActiveCfg = Debug|Any CPU
		{A599EAAB-89D6-4855-8E14-11E71471FDC9}.Debug|Any CPU.Build.0 = Debug|Any CPU
		{A599EAAB-89D6-4855-8E14-11E71471FDC9}.Release|Any CPU.ActiveCfg = Release|Any CPU
		{A599EAAB-89D6-4855-8E14-11E71471FDC9}.Release|Any CPU.Build.0 = Release|Any CPU
		{AD8647D3-625C-4A92-B452-BB4946ECB5A4}.Debug|Any CPU.ActiveCfg = Debug|Any CPU
		{AD8647D3-625C-4A92-B452-BB4946ECB5A4}.Debug|Any CPU.Build.0 = Debug|Any CPU
		{AD8647D3-625C-4A92-B452-BB4946ECB5A4}.Release|Any CPU.ActiveCfg = Release|Any CPU
		{AD8647D3-625C-4A92-B452-BB4946ECB5A4}.Release|Any CPU.Build.0 = Release|Any CPU
		{DE8F7EDA-ACA4-4089-81ED-3152235A43A6}.Debug|Any CPU.ActiveCfg = Debug|Any CPU
		{DE8F7EDA-ACA4-4089-81ED-3152235A43A6}.Debug|Any CPU.Build.0 = Debug|Any CPU
		{DE8F7EDA-ACA4-4089-81ED-3152235A43A6}.Release|Any CPU.ActiveCfg = Release|Any CPU
		{DE8F7EDA-ACA4-4089-81ED-3152235A43A6}.Release|Any CPU.Build.0 = Release|Any CPU
		{4963D9A0-E634-4619-A554-E2CBAA12AC41}.Debug|Any CPU.ActiveCfg = Debug|Any CPU
		{4963D9A0-E634-4619-A554-E2CBAA12AC41}.Debug|Any CPU.Build.0 = Debug|Any CPU
		{4963D9A0-E634-4619-A554-E2CBAA12AC41}.Release|Any CPU.ActiveCfg = Release|Any CPU
		{4963D9A0-E634-4619-A554-E2CBAA12AC41}.Release|Any CPU.Build.0 = Release|Any CPU
		{D50D47D1-9FC7-45E8-A731-E408569AA53F}.Debug|Any CPU.ActiveCfg = Debug|Any CPU
		{D50D47D1-9FC7-45E8-A731-E408569AA53F}.Debug|Any CPU.Build.0 = Debug|Any CPU
		{D50D47D1-9FC7-45E8-A731-E408569AA53F}.Release|Any CPU.ActiveCfg = Release|Any CPU
		{D50D47D1-9FC7-45E8-A731-E408569AA53F}.Release|Any CPU.Build.0 = Release|Any CPU
		{13309BE6-677D-4CBF-9F86-E3EBE379CE41}.Debug|Any CPU.ActiveCfg = Debug|Any CPU
		{13309BE6-677D-4CBF-9F86-E3EBE379CE41}.Debug|Any CPU.Build.0 = Debug|Any CPU
		{13309BE6-677D-4CBF-9F86-E3EBE379CE41}.Release|Any CPU.ActiveCfg = Release|Any CPU
		{13309BE6-677D-4CBF-9F86-E3EBE379CE41}.Release|Any CPU.Build.0 = Release|Any CPU
		{F3FBCC69-91D1-4A13-BC20-4944F350C167}.Debug|Any CPU.ActiveCfg = Debug|Any CPU
		{F3FBCC69-91D1-4A13-BC20-4944F350C167}.Debug|Any CPU.Build.0 = Debug|Any CPU
		{F3FBCC69-91D1-4A13-BC20-4944F350C167}.Release|Any CPU.ActiveCfg = Release|Any CPU
		{F3FBCC69-91D1-4A13-BC20-4944F350C167}.Release|Any CPU.Build.0 = Release|Any CPU
		{48288162-B353-4C06-9217-8CD4EC20889B}.Debug|Any CPU.ActiveCfg = Debug|Any CPU
		{48288162-B353-4C06-9217-8CD4EC20889B}.Debug|Any CPU.Build.0 = Debug|Any CPU
		{48288162-B353-4C06-9217-8CD4EC20889B}.Release|Any CPU.ActiveCfg = Release|Any CPU
		{48288162-B353-4C06-9217-8CD4EC20889B}.Release|Any CPU.Build.0 = Release|Any CPU
		{3A19B5CE-2046-40DE-8793-FD780BBAE1A8}.Debug|Any CPU.ActiveCfg = Debug|Any CPU
		{3A19B5CE-2046-40DE-8793-FD780BBAE1A8}.Debug|Any CPU.Build.0 = Debug|Any CPU
		{3A19B5CE-2046-40DE-8793-FD780BBAE1A8}.Release|Any CPU.ActiveCfg = Release|Any CPU
		{3A19B5CE-2046-40DE-8793-FD780BBAE1A8}.Release|Any CPU.Build.0 = Release|Any CPU
		{08484C61-83F1-4696-992C-DEB4601D95EF}.Debug|Any CPU.ActiveCfg = Debug|Any CPU
		{08484C61-83F1-4696-992C-DEB4601D95EF}.Debug|Any CPU.Build.0 = Debug|Any CPU
		{08484C61-83F1-4696-992C-DEB4601D95EF}.Release|Any CPU.ActiveCfg = Release|Any CPU
		{08484C61-83F1-4696-992C-DEB4601D95EF}.Release|Any CPU.Build.0 = Release|Any CPU
		{2EA40A52-7DED-48AD-B72D-55D0C2ADB492}.Debug|Any CPU.ActiveCfg = Debug|Any CPU
		{2EA40A52-7DED-48AD-B72D-55D0C2ADB492}.Debug|Any CPU.Build.0 = Debug|Any CPU
		{2EA40A52-7DED-48AD-B72D-55D0C2ADB492}.Release|Any CPU.ActiveCfg = Release|Any CPU
		{2EA40A52-7DED-48AD-B72D-55D0C2ADB492}.Release|Any CPU.Build.0 = Release|Any CPU
		{B13B7334-3757-486B-91C6-6A493B8417BB}.Debug|Any CPU.ActiveCfg = Debug|Any CPU
		{B13B7334-3757-486B-91C6-6A493B8417BB}.Debug|Any CPU.Build.0 = Debug|Any CPU
		{B13B7334-3757-486B-91C6-6A493B8417BB}.Release|Any CPU.ActiveCfg = Release|Any CPU
		{B13B7334-3757-486B-91C6-6A493B8417BB}.Release|Any CPU.Build.0 = Release|Any CPU
		{E0439962-2064-4CCB-8533-DF4AFFE1EF1D}.Debug|Any CPU.ActiveCfg = Debug|Any CPU
		{E0439962-2064-4CCB-8533-DF4AFFE1EF1D}.Debug|Any CPU.Build.0 = Debug|Any CPU
		{E0439962-2064-4CCB-8533-DF4AFFE1EF1D}.Release|Any CPU.ActiveCfg = Release|Any CPU
		{E0439962-2064-4CCB-8533-DF4AFFE1EF1D}.Release|Any CPU.Build.0 = Release|Any CPU
		{8F53F45E-1FDA-42DA-A40C-FD23A98E6E87}.Debug|Any CPU.ActiveCfg = Debug|Any CPU
		{8F53F45E-1FDA-42DA-A40C-FD23A98E6E87}.Debug|Any CPU.Build.0 = Debug|Any CPU
		{8F53F45E-1FDA-42DA-A40C-FD23A98E6E87}.Release|Any CPU.ActiveCfg = Release|Any CPU
		{8F53F45E-1FDA-42DA-A40C-FD23A98E6E87}.Release|Any CPU.Build.0 = Release|Any CPU
		{70B8D9F9-A708-41C5-A5EC-1591F1ACB88E}.Debug|Any CPU.ActiveCfg = Debug|Any CPU
		{70B8D9F9-A708-41C5-A5EC-1591F1ACB88E}.Debug|Any CPU.Build.0 = Debug|Any CPU
		{70B8D9F9-A708-41C5-A5EC-1591F1ACB88E}.Release|Any CPU.ActiveCfg = Release|Any CPU
		{70B8D9F9-A708-41C5-A5EC-1591F1ACB88E}.Release|Any CPU.Build.0 = Release|Any CPU
		{A7242761-BB7B-46B9-AC17-B7FF5ACEB40F}.Debug|Any CPU.ActiveCfg = Debug|Any CPU
		{A7242761-BB7B-46B9-AC17-B7FF5ACEB40F}.Debug|Any CPU.Build.0 = Debug|Any CPU
		{A7242761-BB7B-46B9-AC17-B7FF5ACEB40F}.Release|Any CPU.ActiveCfg = Release|Any CPU
		{A7242761-BB7B-46B9-AC17-B7FF5ACEB40F}.Release|Any CPU.Build.0 = Release|Any CPU
		{FD04212B-6360-4E7D-9EBE-1A4BEA940B8D}.Debug|Any CPU.ActiveCfg = Debug|Any CPU
		{FD04212B-6360-4E7D-9EBE-1A4BEA940B8D}.Debug|Any CPU.Build.0 = Debug|Any CPU
		{FD04212B-6360-4E7D-9EBE-1A4BEA940B8D}.Release|Any CPU.ActiveCfg = Release|Any CPU
		{FD04212B-6360-4E7D-9EBE-1A4BEA940B8D}.Release|Any CPU.Build.0 = Release|Any CPU
		{76CA09E2-583B-4529-AF4D-04F9CCBA5446}.Debug|Any CPU.ActiveCfg = Debug|Any CPU
		{76CA09E2-583B-4529-AF4D-04F9CCBA5446}.Debug|Any CPU.Build.0 = Debug|Any CPU
		{76CA09E2-583B-4529-AF4D-04F9CCBA5446}.Release|Any CPU.ActiveCfg = Release|Any CPU
		{76CA09E2-583B-4529-AF4D-04F9CCBA5446}.Release|Any CPU.Build.0 = Release|Any CPU
		{62C99626-0E48-4D65-BD47-5A4511C8531B}.Debug|Any CPU.ActiveCfg = Debug|Any CPU
		{62C99626-0E48-4D65-BD47-5A4511C8531B}.Debug|Any CPU.Build.0 = Debug|Any CPU
		{62C99626-0E48-4D65-BD47-5A4511C8531B}.Release|Any CPU.ActiveCfg = Release|Any CPU
		{62C99626-0E48-4D65-BD47-5A4511C8531B}.Release|Any CPU.Build.0 = Release|Any CPU
		{5060BAB4-0AFC-4556-BACD-D55A39CF34EC}.Debug|Any CPU.ActiveCfg = Debug|Any CPU
		{5060BAB4-0AFC-4556-BACD-D55A39CF34EC}.Debug|Any CPU.Build.0 = Debug|Any CPU
		{5060BAB4-0AFC-4556-BACD-D55A39CF34EC}.Release|Any CPU.ActiveCfg = Release|Any CPU
		{5060BAB4-0AFC-4556-BACD-D55A39CF34EC}.Release|Any CPU.Build.0 = Release|Any CPU
	EndGlobalSection
	GlobalSection(SolutionProperties) = preSolution
		HideSolutionNode = FALSE
	EndGlobalSection
	GlobalSection(NestedProjects) = preSolution
		{608E063F-2C43-4307-BB73-8125BE453C23} = {6593B945-A06C-4507-A167-F5D6983AE308}
		{D3D13005-0593-4579-9FF4-D74A63593CD1} = {608E063F-2C43-4307-BB73-8125BE453C23}
		{FD1E45C5-68C6-4693-B94F-5230ED96A114} = {608E063F-2C43-4307-BB73-8125BE453C23}
		{24E57395-B811-4D31-A462-DF145D7D2298} = {6593B945-A06C-4507-A167-F5D6983AE308}
		{F832F195-B8D2-4230-81B3-0FF85C1C24BD} = {24E57395-B811-4D31-A462-DF145D7D2298}
		{BFCDB1C5-BD15-4AAE-BB2C-07458EF897FE} = {6593B945-A06C-4507-A167-F5D6983AE308}
		{5B707226-0E6A-4F30-9F16-94893436AF6D} = {BFCDB1C5-BD15-4AAE-BB2C-07458EF897FE}
		{BF244CC6-54D7-4558-8E48-223B564508A6} = {01606887-CED2-40C6-9740-588822851C81}
		{B23687A4-8940-4826-8A94-1C16900053D1} = {BF244CC6-54D7-4558-8E48-223B564508A6}
		{43A63F4A-B619-4A9D-8E5F-35092FE6AB12} = {01606887-CED2-40C6-9740-588822851C81}
		{A599EAAB-89D6-4855-8E14-11E71471FDC9} = {43A63F4A-B619-4A9D-8E5F-35092FE6AB12}
		{19E3D0FC-571C-4507-95F3-E6A34F51786F} = {01606887-CED2-40C6-9740-588822851C81}
		{AD8647D3-625C-4A92-B452-BB4946ECB5A4} = {19E3D0FC-571C-4507-95F3-E6A34F51786F}
		{5D562F60-E5F9-4927-91FC-5FA1F0080DE3} = {01606887-CED2-40C6-9740-588822851C81}
		{DE8F7EDA-ACA4-4089-81ED-3152235A43A6} = {5D562F60-E5F9-4927-91FC-5FA1F0080DE3}
		{7BAC80CA-958A-44CC-A9ED-F6892D38E3DF} = {01606887-CED2-40C6-9740-588822851C81}
		{4963D9A0-E634-4619-A554-E2CBAA12AC41} = {7BAC80CA-958A-44CC-A9ED-F6892D38E3DF}
		{F8296B1A-957C-4CD3-9E79-A4C70A12BAA3} = {01606887-CED2-40C6-9740-588822851C81}
		{D50D47D1-9FC7-45E8-A731-E408569AA53F} = {F8296B1A-957C-4CD3-9E79-A4C70A12BAA3}
		{27CFB51F-4A40-4AC4-B89D-C9C4F10D7D60} = {01606887-CED2-40C6-9740-588822851C81}
		{13309BE6-677D-4CBF-9F86-E3EBE379CE41} = {27CFB51F-4A40-4AC4-B89D-C9C4F10D7D60}
		{7A00BF1D-D6F4-45DD-88B8-4D520329A655} = {01606887-CED2-40C6-9740-588822851C81}
		{3BAED020-0F46-4042-BAC5-F041B1C27922} = {7A00BF1D-D6F4-45DD-88B8-4D520329A655}
		{F3FBCC69-91D1-4A13-BC20-4944F350C167} = {3BAED020-0F46-4042-BAC5-F041B1C27922}
		{279D3880-55E2-4D89-83E4-C3572652BF94} = {7A00BF1D-D6F4-45DD-88B8-4D520329A655}
		{48288162-B353-4C06-9217-8CD4EC20889B} = {279D3880-55E2-4D89-83E4-C3572652BF94}
		{B607A421-C923-4B2A-B6C7-4980323F4B7C} = {7A00BF1D-D6F4-45DD-88B8-4D520329A655}
		{3A19B5CE-2046-40DE-8793-FD780BBAE1A8} = {B607A421-C923-4B2A-B6C7-4980323F4B7C}
		{C6B0E7EB-409C-414E-AEEE-F230854F0C7A} = {01606887-CED2-40C6-9740-588822851C81}
		{08484C61-83F1-4696-992C-DEB4601D95EF} = {C6B0E7EB-409C-414E-AEEE-F230854F0C7A}
		{2EA40A52-7DED-48AD-B72D-55D0C2ADB492} = {C6B0E7EB-409C-414E-AEEE-F230854F0C7A}
		{F0C22DE1-A960-4609-B5E5-3D03DEA25F46} = {01606887-CED2-40C6-9740-588822851C81}
		{B13B7334-3757-486B-91C6-6A493B8417BB} = {F0C22DE1-A960-4609-B5E5-3D03DEA25F46}
		{E0439962-2064-4CCB-8533-DF4AFFE1EF1D} = {F0C22DE1-A960-4609-B5E5-3D03DEA25F46}
		{8F53F45E-1FDA-42DA-A40C-FD23A98E6E87} = {F0C22DE1-A960-4609-B5E5-3D03DEA25F46}
		{70B8D9F9-A708-41C5-A5EC-1591F1ACB88E} = {F0C22DE1-A960-4609-B5E5-3D03DEA25F46}
		{A7242761-BB7B-46B9-AC17-B7FF5ACEB40F} = {F0C22DE1-A960-4609-B5E5-3D03DEA25F46}
		{FD04212B-6360-4E7D-9EBE-1A4BEA940B8D} = {48709C57-D977-441E-AF24-057A5F65E775}
		{76CA09E2-583B-4529-AF4D-04F9CCBA5446} = {48709C57-D977-441E-AF24-057A5F65E775}
		{62C99626-0E48-4D65-BD47-5A4511C8531B} = {48709C57-D977-441E-AF24-057A5F65E775}
		{5FF03A1C-F784-4369-8767-BA18FAC0A78E} = {01606887-CED2-40C6-9740-588822851C81}
		{5060BAB4-0AFC-4556-BACD-D55A39CF34EC} = {5FF03A1C-F784-4369-8767-BA18FAC0A78E}
	EndGlobalSection
	GlobalSection(ExtensibilityGlobals) = postSolution
		SolutionGuid = {0A1091FE-F69B-44EB-BF21-14C2A0F76812}
	EndGlobalSection
EndGlobal
